
Microsoft Visual Studio Solution File, Format Version 12.00
# Visual Studio Version 17
VisualStudioVersion = 17.10.35027.167
MinimumVisualStudioVersion = 10.0.40219.1
Project("{9A19103F-16F7-4668-BE54-9A1E7A4F7556}") = "TallerModel", "TallerModel\TallerModel.csproj", "{468C5C22-5BE7-497F-8D74-61EA7313A7BF}"
EndProject
Project("{9A19103F-16F7-4668-BE54-9A1E7A4F7556}") = "BlazorApp1", "BlazorApp1\BlazorApp1.csproj", "{6C9BC6F0-4ED6-43F8-A2A3-E4C76340DC57}"
EndProject
Global
	GlobalSection(SolutionConfigurationPlatforms) = preSolution
		Debug|Any CPU = Debug|Any CPU
		Release|Any CPU = Release|Any CPU
	EndGlobalSection
	GlobalSection(ProjectConfigurationPlatforms) = postSolution
		{468C5C22-5BE7-497F-8D74-61EA7313A7BF}.Debug|Any CPU.ActiveCfg = Debug|Any CPU
		{468C5C22-5BE7-497F-8D74-61EA7313A7BF}.Debug|Any CPU.Build.0 = Debug|Any CPU
		{468C5C22-5BE7-497F-8D74-61EA7313A7BF}.Release|Any CPU.ActiveCfg = Release|Any CPU
		{468C5C22-5BE7-497F-8D74-61EA7313A7BF}.Release|Any CPU.Build.0 = Release|Any CPU
		{6C9BC6F0-4ED6-43F8-A2A3-E4C76340DC57}.Debug|Any CPU.ActiveCfg = Debug|Any CPU
		{6C9BC6F0-4ED6-43F8-A2A3-E4C76340DC57}.Debug|Any CPU.Build.0 = Debug|Any CPU
		{6C9BC6F0-4ED6-43F8-A2A3-E4C76340DC57}.Release|Any CPU.ActiveCfg = Release|Any CPU
		{6C9BC6F0-4ED6-43F8-A2A3-E4C76340DC57}.Release|Any CPU.Build.0 = Release|Any CPU
	EndGlobalSection
	GlobalSection(SolutionProperties) = preSolution
		HideSolutionNode = FALSE
	EndGlobalSection
	GlobalSection(ExtensibilityGlobals) = postSolution
		SolutionGuid = {430F74B0-4E40-43E3-9F1F-85E6A875340D}
	EndGlobalSection
EndGlobal
